
Microsoft Visual Studio Solution File, Format Version 12.00
# Visual Studio Version 16
VisualStudioVersion = 16.0.30114.105
MinimumVisualStudioVersion = 10.0.40219.1
Project("{2150E333-8FDC-42A3-9474-1A3956D46DE8}") = "Core", "Core", "{C56B6BFD-9B40-435E-884C-CD4A3C3CDD3D}"
EndProject
Project("{FAE04EC0-301F-11D3-BF4B-00C04F79EFBC}") = "WebApi", "Core\WebApi\WebApi.csproj", "{B3B14526-8321-4A7F-B266-9B471F48A012}"
EndProject
Project("{FAE04EC0-301F-11D3-BF4B-00C04F79EFBC}") = "Data", "Core\Data\Data.csproj", "{9E91B857-B9A2-4E4D-9458-4577D26C73D3}"
EndProject
Project("{FAE04EC0-301F-11D3-BF4B-00C04F79EFBC}") = "Infrastructure", "Core\Infrastructure\Infrastructure.csproj", "{A6831CCE-2C64-44E3-88FA-9CB6260A77AB}"
EndProject
Project("{2150E333-8FDC-42A3-9474-1A3956D46DE8}") = "Tests", "Tests", "{A8A6377A-9D06-48DA-ABB0-6BAD40CABADB}"
EndProject
Project("{FAE04EC0-301F-11D3-BF4B-00C04F79EFBC}") = "DomainTests", "Tests\DomainTests\DomainTests.csproj", "{82511EE7-5EA2-417C-B93B-0EF595BDE5C3}"
EndProject
Project("{FAE04EC0-301F-11D3-BF4B-00C04F79EFBC}") = "Domain", "Core\Domain\Domain.csproj", "{F105123B-2596-49EA-AF24-31768B30A7F3}"
EndProject
Global
	GlobalSection(SolutionConfigurationPlatforms) = preSolution
		Debug|Any CPU = Debug|Any CPU
		Release|Any CPU = Release|Any CPU
	EndGlobalSection
	GlobalSection(SolutionProperties) = preSolution
		HideSolutionNode = FALSE
	EndGlobalSection
	GlobalSection(ProjectConfigurationPlatforms) = postSolution
		{B3B14526-8321-4A7F-B266-9B471F48A012}.Debug|Any CPU.ActiveCfg = Debug|Any CPU
		{B3B14526-8321-4A7F-B266-9B471F48A012}.Debug|Any CPU.Build.0 = Debug|Any CPU
		{B3B14526-8321-4A7F-B266-9B471F48A012}.Release|Any CPU.ActiveCfg = Release|Any CPU
		{B3B14526-8321-4A7F-B266-9B471F48A012}.Release|Any CPU.Build.0 = Release|Any CPU
		{9E91B857-B9A2-4E4D-9458-4577D26C73D3}.Debug|Any CPU.ActiveCfg = Debug|Any CPU
		{9E91B857-B9A2-4E4D-9458-4577D26C73D3}.Debug|Any CPU.Build.0 = Debug|Any CPU
		{9E91B857-B9A2-4E4D-9458-4577D26C73D3}.Release|Any CPU.ActiveCfg = Release|Any CPU
		{9E91B857-B9A2-4E4D-9458-4577D26C73D3}.Release|Any CPU.Build.0 = Release|Any CPU
		{A6831CCE-2C64-44E3-88FA-9CB6260A77AB}.Debug|Any CPU.ActiveCfg = Debug|Any CPU
		{A6831CCE-2C64-44E3-88FA-9CB6260A77AB}.Debug|Any CPU.Build.0 = Debug|Any CPU
		{A6831CCE-2C64-44E3-88FA-9CB6260A77AB}.Release|Any CPU.ActiveCfg = Release|Any CPU
		{A6831CCE-2C64-44E3-88FA-9CB6260A77AB}.Release|Any CPU.Build.0 = Release|Any CPU
		{82511EE7-5EA2-417C-B93B-0EF595BDE5C3}.Debug|Any CPU.ActiveCfg = Debug|Any CPU
		{82511EE7-5EA2-417C-B93B-0EF595BDE5C3}.Debug|Any CPU.Build.0 = Debug|Any CPU
		{82511EE7-5EA2-417C-B93B-0EF595BDE5C3}.Release|Any CPU.ActiveCfg = Release|Any CPU
		{82511EE7-5EA2-417C-B93B-0EF595BDE5C3}.Release|Any CPU.Build.0 = Release|Any CPU
		{F105123B-2596-49EA-AF24-31768B30A7F3}.Debug|Any CPU.ActiveCfg = Debug|Any CPU
		{F105123B-2596-49EA-AF24-31768B30A7F3}.Debug|Any CPU.Build.0 = Debug|Any CPU
		{F105123B-2596-49EA-AF24-31768B30A7F3}.Release|Any CPU.ActiveCfg = Release|Any CPU
		{F105123B-2596-49EA-AF24-31768B30A7F3}.Release|Any CPU.Build.0 = Release|Any CPU
	EndGlobalSection
	GlobalSection(NestedProjects) = preSolution
		{B3B14526-8321-4A7F-B266-9B471F48A012} = {C56B6BFD-9B40-435E-884C-CD4A3C3CDD3D}
		{9E91B857-B9A2-4E4D-9458-4577D26C73D3} = {C56B6BFD-9B40-435E-884C-CD4A3C3CDD3D}
		{A6831CCE-2C64-44E3-88FA-9CB6260A77AB} = {C56B6BFD-9B40-435E-884C-CD4A3C3CDD3D}
		{82511EE7-5EA2-417C-B93B-0EF595BDE5C3} = {A8A6377A-9D06-48DA-ABB0-6BAD40CABADB}
		{F105123B-2596-49EA-AF24-31768B30A7F3} = {C56B6BFD-9B40-435E-884C-CD4A3C3CDD3D}
	EndGlobalSection
EndGlobal
