
Microsoft Visual Studio Solution File, Format Version 12.00
# Visual Studio Version 17
VisualStudioVersion = 17.0.31903.59
MinimumVisualStudioVersion = 10.0.40219.1
Project("{FAE04EC0-301F-11D3-BF4B-00C04F79EFBC}") = "MyWebPlugin", "MyWebPlugin.csproj", "{B742024E-4EFF-4580-998C-6073F3BCD467}"
EndProject
Project("{FAE04EC0-301F-11D3-BF4B-00C04F79EFBC}") = "Infrastructure", "..\..\Core\Infrastructure\Infrastructure.csproj", "{BB7E5314-819D-43AD-AB86-668C071B02CB}"
EndProject
Global
	GlobalSection(SolutionConfigurationPlatforms) = preSolution
		Debug|Any CPU = Debug|Any CPU
		Release|Any CPU = Release|Any CPU
	EndGlobalSection
	GlobalSection(SolutionProperties) = preSolution
		HideSolutionNode = FALSE
	EndGlobalSection
	GlobalSection(ProjectConfigurationPlatforms) = postSolution
		{B742024E-4EFF-4580-998C-6073F3BCD467}.Debug|Any CPU.ActiveCfg = Debug|Any CPU
		{B742024E-4EFF-4580-998C-6073F3BCD467}.Debug|Any CPU.Build.0 = Debug|Any CPU
		{B742024E-4EFF-4580-998C-6073F3BCD467}.Release|Any CPU.ActiveCfg = Release|Any CPU
		{B742024E-4EFF-4580-998C-6073F3BCD467}.Release|Any CPU.Build.0 = Release|Any CPU
		{BB7E5314-819D-43AD-AB86-668C071B02CB}.Debug|Any CPU.ActiveCfg = Debug|Any CPU
		{BB7E5314-819D-43AD-AB86-668C071B02CB}.Debug|Any CPU.Build.0 = Debug|Any CPU
		{BB7E5314-819D-43AD-AB86-668C071B02CB}.Release|Any CPU.ActiveCfg = Release|Any CPU
		{BB7E5314-819D-43AD-AB86-668C071B02CB}.Release|Any CPU.Build.0 = Release|Any CPU
	EndGlobalSection
EndGlobal
